{
  "name": "Say-What",
  "lockfileVersion": 3,
  "requires": true,
  "packages": {
    "": {
      "dependencies": {
        "mic": "^2.1.2"
      }
    },
    "node_modules/mic": {
      "version": "2.1.2",
      "resolved": "https://registry.npmjs.org/mic/-/mic-2.1.2.tgz",
      "integrity": "sha512-rpl4tgdXX24sAzYwjRc5OZfGNAuhUIIjdd0cw8+Ubq7rp3iGhi40AdqcwurDWhEZADk60tPOxb3E2MpoeLeyxw==",
      "license": "MIT"
    }
  }
}
